
Microsoft Visual Studio Solution File, Format Version 12.00
# Visual Studio Version 17
VisualStudioVersion = 17.2.32630.192
MinimumVisualStudioVersion = 10.0.40219.1
Project("{FAE04EC0-301F-11D3-BF4B-00C04F79EFBC}") = "RegisterLoginApp", "RegisterLoginApp.csproj", "{755CAFEA-98D0-4B7E-BFBE-88ECAB91A6DB}"
EndProject
Global
	GlobalSection(SolutionConfigurationPlatforms) = preSolution
		Debug|Any CPU = Debug|Any CPU
		Release|Any CPU = Release|Any CPU
	EndGlobalSection
	GlobalSection(ProjectConfigurationPlatforms) = postSolution
		{755CAFEA-98D0-4B7E-BFBE-88ECAB91A6DB}.Debug|Any CPU.ActiveCfg = Debug|Any CPU
		{755CAFEA-98D0-4B7E-BFBE-88ECAB91A6DB}.Debug|Any CPU.Build.0 = Debug|Any CPU
		{755CAFEA-98D0-4B7E-BFBE-88ECAB91A6DB}.Release|Any CPU.ActiveCfg = Release|Any CPU
		{755CAFEA-98D0-4B7E-BFBE-88ECAB91A6DB}.Release|Any CPU.Build.0 = Release|Any CPU
	EndGlobalSection
	GlobalSection(SolutionProperties) = preSolution
		HideSolutionNode = FALSE
	EndGlobalSection
	GlobalSection(ExtensibilityGlobals) = postSolution
		SolutionGuid = {69B62A40-684C-43F8-8F18-E02AB169E048}
	EndGlobalSection
EndGlobal
